// !$*UTF8*$!
{
	archiveVersion = 1;
	classes = {
	};
	objectVersion = 52;
	objects = {

/* Begin PBXBuildFile section */
		5A995934269E4911003866AA /* LaunchViewModel.swift in Sources */ = {isa = PBXBuildFile; fileRef = 5A995933269E4911003866AA /* LaunchViewModel.swift */; };
		5A995936269E49A5003866AA /* CompanyViewModel.swift in Sources */ = {isa = PBXBuildFile; fileRef = 5A995935269E49A5003866AA /* CompanyViewModel.swift */; };
		5A9EAD51269B479D0003D8EB /* Sequence.swift in Sources */ = {isa = PBXBuildFile; fileRef = 5A9EAD50269B479D0003D8EB /* Sequence.swift */; };
		5A9EAD53269B57FC0003D8EB /* FIlterState.swift in Sources */ = {isa = PBXBuildFile; fileRef = 5A9EAD52269B57FC0003D8EB /* FIlterState.swift */; };
		5A9EAD55269B696B0003D8EB /* FilterView.swift in Sources */ = {isa = PBXBuildFile; fileRef = 5A9EAD54269B696B0003D8EB /* FilterView.swift */; };
		5A9EAD59269D0C930003D8EB /* ImageClient.swift in Sources */ = {isa = PBXBuildFile; fileRef = 5A9EAD58269D0C930003D8EB /* ImageClient.swift */; };
		5AAF6732269A039700DD8ECC /* SpaceXApp.swift in Sources */ = {isa = PBXBuildFile; fileRef = 5AAF6731269A039700DD8ECC /* SpaceXApp.swift */; };
		5AAF6734269A039700DD8ECC /* AppView.swift in Sources */ = {isa = PBXBuildFile; fileRef = 5AAF6733269A039700DD8ECC /* AppView.swift */; };
		5AAF6736269A039800DD8ECC /* Assets.xcassets in Resources */ = {isa = PBXBuildFile; fileRef = 5AAF6735269A039800DD8ECC /* Assets.xcassets */; };
		5AAF6739269A039800DD8ECC /* Preview Assets.xcassets in Resources */ = {isa = PBXBuildFile; fileRef = 5AAF6738269A039800DD8ECC /* Preview Assets.xcassets */; };
		5AAF6744269A039800DD8ECC /* SpaceXTests.swift in Sources */ = {isa = PBXBuildFile; fileRef = 5AAF6743269A039800DD8ECC /* SpaceXTests.swift */; };
		5AAF6761269A040700DD8ECC /* ComposableArchitecture in Frameworks */ = {isa = PBXBuildFile; productRef = 5AAF6760269A040700DD8ECC /* ComposableArchitecture */; };
		5AE7A925269A087800351891 /* AppState.swift in Sources */ = {isa = PBXBuildFile; fileRef = 5AE7A924269A087800351891 /* AppState.swift */; };
		5AE7A92E269A0C2500351891 /* SpaceXClient.swift in Sources */ = {isa = PBXBuildFile; fileRef = 5AE7A92D269A0C2500351891 /* SpaceXClient.swift */; };
		5AE7A936269A132300351891 /* Company.swift in Sources */ = {isa = PBXBuildFile; fileRef = 5AE7A935269A132300351891 /* Company.swift */; };
		5AE7A93B269A133500351891 /* Launch.swift in Sources */ = {isa = PBXBuildFile; fileRef = 5AE7A93A269A133500351891 /* Launch.swift */; };
		5AE7A941269A1C5100351891 /* CompanyView.swift in Sources */ = {isa = PBXBuildFile; fileRef = 5AE7A940269A1C5100351891 /* CompanyView.swift */; };
		5AE7A946269A1E9000351891 /* LaunchView.swift in Sources */ = {isa = PBXBuildFile; fileRef = 5AE7A945269A1E9000351891 /* LaunchView.swift */; };
		5AE7A94F269AE80500351891 /* Rocket.swift in Sources */ = {isa = PBXBuildFile; fileRef = 5AE7A94E269AE80500351891 /* Rocket.swift */; };
/* End PBXBuildFile section */

/* Begin PBXContainerItemProxy section */
		5AAF6740269A039800DD8ECC /* PBXContainerItemProxy */ = {
			isa = PBXContainerItemProxy;
			containerPortal = 5AAF6726269A039700DD8ECC /* Project object */;
			proxyType = 1;
			remoteGlobalIDString = 5AAF672D269A039700DD8ECC;
			remoteInfo = SpaceX;
		};
		5AAF674B269A039800DD8ECC /* PBXContainerItemProxy */ = {
			isa = PBXContainerItemProxy;
			containerPortal = 5AAF6726269A039700DD8ECC /* Project object */;
			proxyType = 1;
			remoteGlobalIDString = 5AAF672D269A039700DD8ECC;
			remoteInfo = SpaceX;
		};
/* End PBXContainerItemProxy section */

/* Begin PBXFileReference section */
		5A995933269E4911003866AA /* LaunchViewModel.swift */ = {isa = PBXFileReference; lastKnownFileType = sourcecode.swift; path = LaunchViewModel.swift; sourceTree = "<group>"; };
		5A995935269E49A5003866AA /* CompanyViewModel.swift */ = {isa = PBXFileReference; lastKnownFileType = sourcecode.swift; path = CompanyViewModel.swift; sourceTree = "<group>"; };
		5A9EAD50269B479D0003D8EB /* Sequence.swift */ = {isa = PBXFileReference; lastKnownFileType = sourcecode.swift; path = Sequence.swift; sourceTree = "<group>"; };
		5A9EAD52269B57FC0003D8EB /* FIlterState.swift */ = {isa = PBXFileReference; lastKnownFileType = sourcecode.swift; path = FIlterState.swift; sourceTree = "<group>"; };
		5A9EAD54269B696B0003D8EB /* FilterView.swift */ = {isa = PBXFileReference; lastKnownFileType = sourcecode.swift; path = FilterView.swift; sourceTree = "<group>"; };
		5A9EAD58269D0C930003D8EB /* ImageClient.swift */ = {isa = PBXFileReference; lastKnownFileType = sourcecode.swift; path = ImageClient.swift; sourceTree = "<group>"; };
		5AAF672E269A039700DD8ECC /* SpaceX.app */ = {isa = PBXFileReference; explicitFileType = wrapper.application; includeInIndex = 0; path = SpaceX.app; sourceTree = BUILT_PRODUCTS_DIR; };
		5AAF6731269A039700DD8ECC /* SpaceXApp.swift */ = {isa = PBXFileReference; lastKnownFileType = sourcecode.swift; path = SpaceXApp.swift; sourceTree = "<group>"; };
		5AAF6733269A039700DD8ECC /* AppView.swift */ = {isa = PBXFileReference; lastKnownFileType = sourcecode.swift; path = AppView.swift; sourceTree = "<group>"; };
		5AAF6735269A039800DD8ECC /* Assets.xcassets */ = {isa = PBXFileReference; lastKnownFileType = folder.assetcatalog; path = Assets.xcassets; sourceTree = "<group>"; };
		5AAF6738269A039800DD8ECC /* Preview Assets.xcassets */ = {isa = PBXFileReference; lastKnownFileType = folder.assetcatalog; path = "Preview Assets.xcassets"; sourceTree = "<group>"; };
		5AAF673A269A039800DD8ECC /* Info.plist */ = {isa = PBXFileReference; lastKnownFileType = text.plist.xml; path = Info.plist; sourceTree = "<group>"; };
		5AAF673F269A039800DD8ECC /* SpaceXTests.xctest */ = {isa = PBXFileReference; explicitFileType = wrapper.cfbundle; includeInIndex = 0; path = SpaceXTests.xctest; sourceTree = BUILT_PRODUCTS_DIR; };
		5AAF6743269A039800DD8ECC /* SpaceXTests.swift */ = {isa = PBXFileReference; lastKnownFileType = sourcecode.swift; path = SpaceXTests.swift; sourceTree = "<group>"; };
		5AAF6745269A039800DD8ECC /* Info.plist */ = {isa = PBXFileReference; lastKnownFileType = text.plist.xml; path = Info.plist; sourceTree = "<group>"; };
		5AAF674A269A039800DD8ECC /* SpaceXUITests.xctest */ = {isa = PBXFileReference; explicitFileType = wrapper.cfbundle; includeInIndex = 0; path = SpaceXUITests.xctest; sourceTree = BUILT_PRODUCTS_DIR; };
		5AE7A924269A087800351891 /* AppState.swift */ = {isa = PBXFileReference; lastKnownFileType = sourcecode.swift; path = AppState.swift; sourceTree = "<group>"; };
		5AE7A92D269A0C2500351891 /* SpaceXClient.swift */ = {isa = PBXFileReference; lastKnownFileType = sourcecode.swift; path = SpaceXClient.swift; sourceTree = "<group>"; };
		5AE7A935269A132300351891 /* Company.swift */ = {isa = PBXFileReference; lastKnownFileType = sourcecode.swift; path = Company.swift; sourceTree = "<group>"; };
		5AE7A93A269A133500351891 /* Launch.swift */ = {isa = PBXFileReference; lastKnownFileType = sourcecode.swift; path = Launch.swift; sourceTree = "<group>"; };
		5AE7A940269A1C5100351891 /* CompanyView.swift */ = {isa = PBXFileReference; lastKnownFileType = sourcecode.swift; path = CompanyView.swift; sourceTree = "<group>"; };
		5AE7A945269A1E9000351891 /* LaunchView.swift */ = {isa = PBXFileReference; lastKnownFileType = sourcecode.swift; path = LaunchView.swift; sourceTree = "<group>"; };
		5AE7A94E269AE80500351891 /* Rocket.swift */ = {isa = PBXFileReference; lastKnownFileType = sourcecode.swift; path = Rocket.swift; sourceTree = "<group>"; };
/* End PBXFileReference section */

/* Begin PBXFrameworksBuildPhase section */
		5AAF672B269A039700DD8ECC /* Frameworks */ = {
			isa = PBXFrameworksBuildPhase;
			buildActionMask = 2147483647;
			files = (
				5AAF6761269A040700DD8ECC /* ComposableArchitecture in Frameworks */,
			);
			runOnlyForDeploymentPostprocessing = 0;
		};
		5AAF673C269A039800DD8ECC /* Frameworks */ = {
			isa = PBXFrameworksBuildPhase;
			buildActionMask = 2147483647;
			files = (
			);
			runOnlyForDeploymentPostprocessing = 0;
		};
		5AAF6747269A039800DD8ECC /* Frameworks */ = {
			isa = PBXFrameworksBuildPhase;
			buildActionMask = 2147483647;
			files = (
			);
			runOnlyForDeploymentPostprocessing = 0;
		};
/* End PBXFrameworksBuildPhase section */

/* Begin PBXGroup section */
		5A9EAD4F269B47920003D8EB /* Utils */ = {
			isa = PBXGroup;
			children = (
				5A9EAD50269B479D0003D8EB /* Sequence.swift */,
			);
			path = Utils;
			sourceTree = "<group>";
		};
		5AAF6725269A039700DD8ECC = {
			isa = PBXGroup;
			children = (
				5AAF6730269A039700DD8ECC /* SpaceX */,
				5AAF6742269A039800DD8ECC /* SpaceXTests */,
				5AAF672F269A039700DD8ECC /* Products */,
			);
			sourceTree = "<group>";
		};
		5AAF672F269A039700DD8ECC /* Products */ = {
			isa = PBXGroup;
			children = (
				5AAF672E269A039700DD8ECC /* SpaceX.app */,
				5AAF673F269A039800DD8ECC /* SpaceXTests.xctest */,
				5AAF674A269A039800DD8ECC /* SpaceXUITests.xctest */,
			);
			name = Products;
			sourceTree = "<group>";
		};
		5AAF6730269A039700DD8ECC /* SpaceX */ = {
			isa = PBXGroup;
			children = (
				5A9EAD4F269B47920003D8EB /* Utils */,
				5AE7A93F269A1C4400351891 /* Views */,
				5AB0F1AB269E48D800276254 /* View Models */,
				5AE7A92C269A0C1900351891 /* Services */,
				5AE7A923269A086B00351891 /* State */,
				5AAF6731269A039700DD8ECC /* SpaceXApp.swift */,
				5AAF6735269A039800DD8ECC /* Assets.xcassets */,
				5AAF673A269A039800DD8ECC /* Info.plist */,
				5AAF6737269A039800DD8ECC /* Preview Content */,
			);
			path = SpaceX;
			sourceTree = "<group>";
		};
		5AAF6737269A039800DD8ECC /* Preview Content */ = {
			isa = PBXGroup;
			children = (
				5AAF6738269A039800DD8ECC /* Preview Assets.xcassets */,
			);
			path = "Preview Content";
			sourceTree = "<group>";
		};
		5AAF6742269A039800DD8ECC /* SpaceXTests */ = {
			isa = PBXGroup;
			children = (
				5AAF6743269A039800DD8ECC /* SpaceXTests.swift */,
				5AAF6745269A039800DD8ECC /* Info.plist */,
			);
			path = SpaceXTests;
			sourceTree = "<group>";
		};
		5AB0F1AB269E48D800276254 /* View Models */ = {
			isa = PBXGroup;
			children = (
				5A995933269E4911003866AA /* LaunchViewModel.swift */,
				5A995935269E49A5003866AA /* CompanyViewModel.swift */,
			);
			path = "View Models";
			sourceTree = "<group>";
		};
		5AE7A923269A086B00351891 /* State */ = {
			isa = PBXGroup;
			children = (
				5AE7A924269A087800351891 /* AppState.swift */,
				5AE7A935269A132300351891 /* Company.swift */,
				5AE7A93A269A133500351891 /* Launch.swift */,
				5AE7A94E269AE80500351891 /* Rocket.swift */,
				5A9EAD52269B57FC0003D8EB /* FIlterState.swift */,
			);
			path = State;
			sourceTree = "<group>";
		};
		5AE7A92C269A0C1900351891 /* Services */ = {
			isa = PBXGroup;
			children = (
				5AE7A92D269A0C2500351891 /* SpaceXClient.swift */,
				5A9EAD58269D0C930003D8EB /* ImageClient.swift */,
			);
			path = Services;
			sourceTree = "<group>";
		};
		5AE7A93F269A1C4400351891 /* Views */ = {
			isa = PBXGroup;
			children = (
				5AAF6733269A039700DD8ECC /* AppView.swift */,
				5AE7A940269A1C5100351891 /* CompanyView.swift */,
				5AE7A945269A1E9000351891 /* LaunchView.swift */,
				5A9EAD54269B696B0003D8EB /* FilterView.swift */,
			);
			path = Views;
			sourceTree = "<group>";
		};
/* End PBXGroup section */

/* Begin PBXNativeTarget section */
		5AAF672D269A039700DD8ECC /* SpaceX */ = {
			isa = PBXNativeTarget;
			buildConfigurationList = 5AAF6753269A039800DD8ECC /* Build configuration list for PBXNativeTarget "SpaceX" */;
			buildPhases = (
				5AAF672A269A039700DD8ECC /* Sources */,
				5AAF672B269A039700DD8ECC /* Frameworks */,
				5AAF672C269A039700DD8ECC /* Resources */,
			);
			buildRules = (
			);
			dependencies = (
			);
			name = SpaceX;
			packageProductDependencies = (
				5AAF6760269A040700DD8ECC /* ComposableArchitecture */,
			);
			productName = SpaceX;
			productReference = 5AAF672E269A039700DD8ECC /* SpaceX.app */;
			productType = "com.apple.product-type.application";
		};
		5AAF673E269A039800DD8ECC /* SpaceXTests */ = {
			isa = PBXNativeTarget;
			buildConfigurationList = 5AAF6756269A039800DD8ECC /* Build configuration list for PBXNativeTarget "SpaceXTests" */;
			buildPhases = (
				5AAF673B269A039800DD8ECC /* Sources */,
				5AAF673C269A039800DD8ECC /* Frameworks */,
				5AAF673D269A039800DD8ECC /* Resources */,
			);
			buildRules = (
			);
			dependencies = (
				5AAF6741269A039800DD8ECC /* PBXTargetDependency */,
			);
			name = SpaceXTests;
			productName = SpaceXTests;
			productReference = 5AAF673F269A039800DD8ECC /* SpaceXTests.xctest */;
			productType = "com.apple.product-type.bundle.unit-test";
		};
		5AAF6749269A039800DD8ECC /* SpaceXUITests */ = {
			isa = PBXNativeTarget;
			buildConfigurationList = 5AAF6759269A039800DD8ECC /* Build configuration list for PBXNativeTarget "SpaceXUITests" */;
			buildPhases = (
				5AAF6746269A039800DD8ECC /* Sources */,
				5AAF6747269A039800DD8ECC /* Frameworks */,
				5AAF6748269A039800DD8ECC /* Resources */,
			);
			buildRules = (
			);
			dependencies = (
				5AAF674C269A039800DD8ECC /* PBXTargetDependency */,
			);
			name = SpaceXUITests;
			productName = SpaceXUITests;
			productReference = 5AAF674A269A039800DD8ECC /* SpaceXUITests.xctest */;
			productType = "com.apple.product-type.bundle.ui-testing";
		};
/* End PBXNativeTarget section */

/* Begin PBXProject section */
		5AAF6726269A039700DD8ECC /* Project object */ = {
			isa = PBXProject;
			attributes = {
				LastSwiftUpdateCheck = 1240;
				LastUpgradeCheck = 1240;
				TargetAttributes = {
					5AAF672D269A039700DD8ECC = {
						CreatedOnToolsVersion = 12.4;
					};
					5AAF673E269A039800DD8ECC = {
						CreatedOnToolsVersion = 12.4;
						TestTargetID = 5AAF672D269A039700DD8ECC;
					};
					5AAF6749269A039800DD8ECC = {
						CreatedOnToolsVersion = 12.4;
						TestTargetID = 5AAF672D269A039700DD8ECC;
					};
				};
			};
			buildConfigurationList = 5AAF6729269A039700DD8ECC /* Build configuration list for PBXProject "SpaceX" */;
			compatibilityVersion = "Xcode 9.3";
			developmentRegion = en;
			hasScannedForEncodings = 0;
			knownRegions = (
				en,
				Base,
			);
			mainGroup = 5AAF6725269A039700DD8ECC;
			packageReferences = (
				5AAF675F269A040700DD8ECC /* XCRemoteSwiftPackageReference "swift-composable-architecture" */,
			);
			productRefGroup = 5AAF672F269A039700DD8ECC /* Products */;
			projectDirPath = "";
			projectRoot = "";
			targets = (
				5AAF672D269A039700DD8ECC /* SpaceX */,
				5AAF673E269A039800DD8ECC /* SpaceXTests */,
				5AAF6749269A039800DD8ECC /* SpaceXUITests */,
			);
		};
/* End PBXProject section */

/* Begin PBXResourcesBuildPhase section */
		5AAF672C269A039700DD8ECC /* Resources */ = {
			isa = PBXResourcesBuildPhase;
			buildActionMask = 2147483647;
			files = (
				5AAF6739269A039800DD8ECC /* Preview Assets.xcassets in Resources */,
				5AAF6736269A039800DD8ECC /* Assets.xcassets in Resources */,
			);
			runOnlyForDeploymentPostprocessing = 0;
		};
		5AAF673D269A039800DD8ECC /* Resources */ = {
			isa = PBXResourcesBuildPhase;
			buildActionMask = 2147483647;
			files = (
			);
			runOnlyForDeploymentPostprocessing = 0;
		};
		5AAF6748269A039800DD8ECC /* Resources */ = {
			isa = PBXResourcesBuildPhase;
			buildActionMask = 2147483647;
			files = (
			);
			runOnlyForDeploymentPostprocessing = 0;
		};
/* End PBXResourcesBuildPhase section */

/* Begin PBXSourcesBuildPhase section */
		5AAF672A269A039700DD8ECC /* Sources */ = {
			isa = PBXSourcesBuildPhase;
			buildActionMask = 2147483647;
			files = (
				5A9EAD53269B57FC0003D8EB /* FIlterState.swift in Sources */,
				5AE7A94F269AE80500351891 /* Rocket.swift in Sources */,
				5A9EAD51269B479D0003D8EB /* Sequence.swift in Sources */,
				5A995936269E49A5003866AA /* CompanyViewModel.swift in Sources */,
				5AE7A92E269A0C2500351891 /* SpaceXClient.swift in Sources */,
				5A9EAD55269B696B0003D8EB /* FilterView.swift in Sources */,
				5AE7A946269A1E9000351891 /* LaunchView.swift in Sources */,
				5AE7A925269A087800351891 /* AppState.swift in Sources */,
				5AE7A941269A1C5100351891 /* CompanyView.swift in Sources */,
				5AAF6734269A039700DD8ECC /* AppView.swift in Sources */,
				5A995934269E4911003866AA /* LaunchViewModel.swift in Sources */,
				5A9EAD59269D0C930003D8EB /* ImageClient.swift in Sources */,
				5AE7A936269A132300351891 /* Company.swift in Sources */,
				5AE7A93B269A133500351891 /* Launch.swift in Sources */,
				5AAF6732269A039700DD8ECC /* SpaceXApp.swift in Sources */,
			);
			runOnlyForDeploymentPostprocessing = 0;
		};
		5AAF673B269A039800DD8ECC /* Sources */ = {
			isa = PBXSourcesBuildPhase;
			buildActionMask = 2147483647;
			files = (
				5AAF6744269A039800DD8ECC /* SpaceXTests.swift in Sources */,
			);
			runOnlyForDeploymentPostprocessing = 0;
		};
		5AAF6746269A039800DD8ECC /* Sources */ = {
			isa = PBXSourcesBuildPhase;
			buildActionMask = 2147483647;
			files = (
			);
			runOnlyForDeploymentPostprocessing = 0;
		};
/* End PBXSourcesBuildPhase section */

/* Begin PBXTargetDependency section */
		5AAF6741269A039800DD8ECC /* PBXTargetDependency */ = {
			isa = PBXTargetDependency;
			target = 5AAF672D269A039700DD8ECC /* SpaceX */;
			targetProxy = 5AAF6740269A039800DD8ECC /* PBXContainerItemProxy */;
		};
		5AAF674C269A039800DD8ECC /* PBXTargetDependency */ = {
			isa = PBXTargetDependency;
			target = 5AAF672D269A039700DD8ECC /* SpaceX */;
			targetProxy = 5AAF674B269A039800DD8ECC /* PBXContainerItemProxy */;
		};
/* End PBXTargetDependency section */

/* Begin XCBuildConfiguration section */
		5AAF6751269A039800DD8ECC /* Debug */ = {
			isa = XCBuildConfiguration;
			buildSettings = {
				ALWAYS_SEARCH_USER_PATHS = NO;
				CLANG_ANALYZER_NONNULL = YES;
				CLANG_ANALYZER_NUMBER_OBJECT_CONVERSION = YES_AGGRESSIVE;
				CLANG_CXX_LANGUAGE_STANDARD = "gnu++14";
				CLANG_CXX_LIBRARY = "libc++";
				CLANG_ENABLE_MODULES = YES;
				CLANG_ENABLE_OBJC_ARC = YES;
				CLANG_ENABLE_OBJC_WEAK = YES;
				CLANG_WARN_BLOCK_CAPTURE_AUTORELEASING = YES;
				CLANG_WARN_BOOL_CONVERSION = YES;
				CLANG_WARN_COMMA = YES;
				CLANG_WARN_CONSTANT_CONVERSION = YES;
				CLANG_WARN_DEPRECATED_OBJC_IMPLEMENTATIONS = YES;
				CLANG_WARN_DIRECT_OBJC_ISA_USAGE = YES_ERROR;
				CLANG_WARN_DOCUMENTATION_COMMENTS = YES;
				CLANG_WARN_EMPTY_BODY = YES;
				CLANG_WARN_ENUM_CONVERSION = YES;
				CLANG_WARN_INFINITE_RECURSION = YES;
				CLANG_WARN_INT_CONVERSION = YES;
				CLANG_WARN_NON_LITERAL_NULL_CONVERSION = YES;
				CLANG_WARN_OBJC_IMPLICIT_RETAIN_SELF = YES;
				CLANG_WARN_OBJC_LITERAL_CONVERSION = YES;
				CLANG_WARN_OBJC_ROOT_CLASS = YES_ERROR;
				CLANG_WARN_QUOTED_INCLUDE_IN_FRAMEWORK_HEADER = YES;
				CLANG_WARN_RANGE_LOOP_ANALYSIS = YES;
				CLANG_WARN_STRICT_PROTOTYPES = YES;
				CLANG_WARN_SUSPICIOUS_MOVE = YES;
				CLANG_WARN_UNGUARDED_AVAILABILITY = YES_AGGRESSIVE;
				CLANG_WARN_UNREACHABLE_CODE = YES;
				CLANG_WARN__DUPLICATE_METHOD_MATCH = YES;
				COPY_PHASE_STRIP = NO;
				DEBUG_INFORMATION_FORMAT = dwarf;
				ENABLE_STRICT_OBJC_MSGSEND = YES;
				ENABLE_TESTABILITY = YES;
				GCC_C_LANGUAGE_STANDARD = gnu11;
				GCC_DYNAMIC_NO_PIC = NO;
				GCC_NO_COMMON_BLOCKS = YES;
				GCC_OPTIMIZATION_LEVEL = 0;
				GCC_PREPROCESSOR_DEFINITIONS = (
					"DEBUG=1",
					"$(inherited)",
				);
				GCC_WARN_64_TO_32_BIT_CONVERSION = YES;
				GCC_WARN_ABOUT_RETURN_TYPE = YES_ERROR;
				GCC_WARN_UNDECLARED_SELECTOR = YES;
				GCC_WARN_UNINITIALIZED_AUTOS = YES_AGGRESSIVE;
				GCC_WARN_UNUSED_FUNCTION = YES;
				GCC_WARN_UNUSED_VARIABLE = YES;
				IPHONEOS_DEPLOYMENT_TARGET = 14.4;
				MTL_ENABLE_DEBUG_INFO = INCLUDE_SOURCE;
				MTL_FAST_MATH = YES;
				ONLY_ACTIVE_ARCH = YES;
				SDKROOT = iphoneos;
				SWIFT_ACTIVE_COMPILATION_CONDITIONS = DEBUG;
				SWIFT_OPTIMIZATION_LEVEL = "-Onone";
			};
			name = Debug;
		};
		5AAF6752269A039800DD8ECC /* Release */ = {
			isa = XCBuildConfiguration;
			buildSettings = {
				ALWAYS_SEARCH_USER_PATHS = NO;
				CLANG_ANALYZER_NONNULL = YES;
				CLANG_ANALYZER_NUMBER_OBJECT_CONVERSION = YES_AGGRESSIVE;
				CLANG_CXX_LANGUAGE_STANDARD = "gnu++14";
				CLANG_CXX_LIBRARY = "libc++";
				CLANG_ENABLE_MODULES = YES;
				CLANG_ENABLE_OBJC_ARC = YES;
				CLANG_ENABLE_OBJC_WEAK = YES;
				CLANG_WARN_BLOCK_CAPTURE_AUTORELEASING = YES;
				CLANG_WARN_BOOL_CONVERSION = YES;
				CLANG_WARN_COMMA = YES;
				CLANG_WARN_CONSTANT_CONVERSION = YES;
				CLANG_WARN_DEPRECATED_OBJC_IMPLEMENTATIONS = YES;
				CLANG_WARN_DIRECT_OBJC_ISA_USAGE = YES_ERROR;
				CLANG_WARN_DOCUMENTATION_COMMENTS = YES;
				CLANG_WARN_EMPTY_BODY = YES;
				CLANG_WARN_ENUM_CONVERSION = YES;
				CLANG_WARN_INFINITE_RECURSION = YES;
				CLANG_WARN_INT_CONVERSION = YES;
				CLANG_WARN_NON_LITERAL_NULL_CONVERSION = YES;
				CLANG_WARN_OBJC_IMPLICIT_RETAIN_SELF = YES;
				CLANG_WARN_OBJC_LITERAL_CONVERSION = YES;
				CLANG_WARN_OBJC_ROOT_CLASS = YES_ERROR;
				CLANG_WARN_QUOTED_INCLUDE_IN_FRAMEWORK_HEADER = YES;
				CLANG_WARN_RANGE_LOOP_ANALYSIS = YES;
				CLANG_WARN_STRICT_PROTOTYPES = YES;
				CLANG_WARN_SUSPICIOUS_MOVE = YES;
				CLANG_WARN_UNGUARDED_AVAILABILITY = YES_AGGRESSIVE;
				CLANG_WARN_UNREACHABLE_CODE = YES;
				CLANG_WARN__DUPLICATE_METHOD_MATCH = YES;
				COPY_PHASE_STRIP = NO;
				DEBUG_INFORMATION_FORMAT = "dwarf-with-dsym";
				ENABLE_NS_ASSERTIONS = NO;
				ENABLE_STRICT_OBJC_MSGSEND = YES;
				GCC_C_LANGUAGE_STANDARD = gnu11;
				GCC_NO_COMMON_BLOCKS = YES;
				GCC_WARN_64_TO_32_BIT_CONVERSION = YES;
				GCC_WARN_ABOUT_RETURN_TYPE = YES_ERROR;
				GCC_WARN_UNDECLARED_SELECTOR = YES;
				GCC_WARN_UNINITIALIZED_AUTOS = YES_AGGRESSIVE;
				GCC_WARN_UNUSED_FUNCTION = YES;
				GCC_WARN_UNUSED_VARIABLE = YES;
				IPHONEOS_DEPLOYMENT_TARGET = 14.4;
				MTL_ENABLE_DEBUG_INFO = NO;
				MTL_FAST_MATH = YES;
				SDKROOT = iphoneos;
				SWIFT_COMPILATION_MODE = wholemodule;
				SWIFT_OPTIMIZATION_LEVEL = "-O";
				VALIDATE_PRODUCT = YES;
			};
			name = Release;
		};
		5AAF6754269A039800DD8ECC /* Debug */ = {
			isa = XCBuildConfiguration;
			buildSettings = {
				ASSETCATALOG_COMPILER_APPICON_NAME = AppIcon;
				ASSETCATALOG_COMPILER_GLOBAL_ACCENT_COLOR_NAME = AccentColor;
				CODE_SIGN_STYLE = Automatic;
				DEVELOPMENT_ASSET_PATHS = "\"SpaceX/Preview Content\"";
				DEVELOPMENT_TEAM = 682PGZNNJA;
				ENABLE_PREVIEWS = YES;
				INFOPLIST_FILE = SpaceX/Info.plist;
				IPHONEOS_DEPLOYMENT_TARGET = 14.0;
				LD_RUNPATH_SEARCH_PATHS = (
					"$(inherited)",
					"@executable_path/Frameworks",
				);
				PRODUCT_BUNDLE_IDENTIFIER = com.oliverfoggin.SpaceX;
				PRODUCT_NAME = "$(TARGET_NAME)";
				SWIFT_VERSION = 5.0;
				TARGETED_DEVICE_FAMILY = "1,2";
			};
			name = Debug;
		};
		5AAF6755269A039800DD8ECC /* Release */ = {
			isa = XCBuildConfiguration;
			buildSettings = {
				ASSETCATALOG_COMPILER_APPICON_NAME = AppIcon;
				ASSETCATALOG_COMPILER_GLOBAL_ACCENT_COLOR_NAME = AccentColor;
				CODE_SIGN_STYLE = Automatic;
				DEVELOPMENT_ASSET_PATHS = "\"SpaceX/Preview Content\"";
				DEVELOPMENT_TEAM = 682PGZNNJA;
				ENABLE_PREVIEWS = YES;
				INFOPLIST_FILE = SpaceX/Info.plist;
				IPHONEOS_DEPLOYMENT_TARGET = 14.0;
				LD_RUNPATH_SEARCH_PATHS = (
					"$(inherited)",
					"@executable_path/Frameworks",
				);
				PRODUCT_BUNDLE_IDENTIFIER = com.oliverfoggin.SpaceX;
				PRODUCT_NAME = "$(TARGET_NAME)";
				SWIFT_VERSION = 5.0;
				TARGETED_DEVICE_FAMILY = "1,2";
			};
			name = Release;
		};
		5AAF6757269A039800DD8ECC /* Debug */ = {
			isa = XCBuildConfiguration;
			buildSettings = {
				ALWAYS_EMBED_SWIFT_STANDARD_LIBRARIES = YES;
				BUNDLE_LOADER = "$(TEST_HOST)";
				CODE_SIGN_STYLE = Automatic;
				DEVELOPMENT_TEAM = 682PGZNNJA;
				INFOPLIST_FILE = SpaceXTests/Info.plist;
				IPHONEOS_DEPLOYMENT_TARGET = 14.0;
				LD_RUNPATH_SEARCH_PATHS = (
					"$(inherited)",
					"@executable_path/Frameworks",
					"@loader_path/Frameworks",
				);
				PRODUCT_BUNDLE_IDENTIFIER = com.oliverfoggin.SpaceXTests;
				PRODUCT_NAME = "$(TARGET_NAME)";
				SWIFT_VERSION = 5.0;
				TARGETED_DEVICE_FAMILY = "1,2";
				TEST_HOST = "$(BUILT_PRODUCTS_DIR)/SpaceX.app/SpaceX";
			};
			name = Debug;
		};
		5AAF6758269A039800DD8ECC /* Release */ = {
			isa = XCBuildConfiguration;
			buildSettings = {
				ALWAYS_EMBED_SWIFT_STANDARD_LIBRARIES = YES;
				BUNDLE_LOADER = "$(TEST_HOST)";
				CODE_SIGN_STYLE = Automatic;
				DEVELOPMENT_TEAM = 682PGZNNJA;
				INFOPLIST_FILE = SpaceXTests/Info.plist;
				IPHONEOS_DEPLOYMENT_TARGET = 14.0;
				LD_RUNPATH_SEARCH_PATHS = (
					"$(inherited)",
					"@executable_path/Frameworks",
					"@loader_path/Frameworks",
				);
				PRODUCT_BUNDLE_IDENTIFIER = com.oliverfoggin.SpaceXTests;
				PRODUCT_NAME = "$(TARGET_NAME)";
				SWIFT_VERSION = 5.0;
				TARGETED_DEVICE_FAMILY = "1,2";
				TEST_HOST = "$(BUILT_PRODUCTS_DIR)/SpaceX.app/SpaceX";
			};
			name = Release;
		};
		5AAF675A269A039800DD8ECC /* Debug */ = {
			isa = XCBuildConfiguration;
			buildSettings = {
				ALWAYS_EMBED_SWIFT_STANDARD_LIBRARIES = YES;
				CODE_SIGN_STYLE = Automatic;
				DEVELOPMENT_TEAM = 682PGZNNJA;
				INFOPLIST_FILE = SpaceXUITests/Info.plist;
				LD_RUNPATH_SEARCH_PATHS = (
					"$(inherited)",
					"@executable_path/Frameworks",
					"@loader_path/Frameworks",
				);
				PRODUCT_BUNDLE_IDENTIFIER = com.oliverfoggin.SpaceXUITests;
				PRODUCT_NAME = "$(TARGET_NAME)";
				SWIFT_VERSION = 5.0;
				TARGETED_DEVICE_FAMILY = "1,2";
				TEST_TARGET_NAME = SpaceX;
			};
			name = Debug;
		};
		5AAF675B269A039800DD8ECC /* Release */ = {
			isa = XCBuildConfiguration;
			buildSettings = {
				ALWAYS_EMBED_SWIFT_STANDARD_LIBRARIES = YES;
				CODE_SIGN_STYLE = Automatic;
				DEVELOPMENT_TEAM = 682PGZNNJA;
				INFOPLIST_FILE = SpaceXUITests/Info.plist;
				LD_RUNPATH_SEARCH_PATHS = (
					"$(inherited)",
					"@executable_path/Frameworks",
					"@loader_path/Frameworks",
				);
				PRODUCT_BUNDLE_IDENTIFIER = com.oliverfoggin.SpaceXUITests;
				PRODUCT_NAME = "$(TARGET_NAME)";
				SWIFT_VERSION = 5.0;
				TARGETED_DEVICE_FAMILY = "1,2";
				TEST_TARGET_NAME = SpaceX;
			};
			name = Release;
		};
/* End XCBuildConfiguration section */

/* Begin XCConfigurationList section */
		5AAF6729269A039700DD8ECC /* Build configuration list for PBXProject "SpaceX" */ = {
			isa = XCConfigurationList;
			buildConfigurations = (
				5AAF6751269A039800DD8ECC /* Debug */,
				5AAF6752269A039800DD8ECC /* Release */,
			);
			defaultConfigurationIsVisible = 0;
			defaultConfigurationName = Release;
		};
		5AAF6753269A039800DD8ECC /* Build configuration list for PBXNativeTarget "SpaceX" */ = {
			isa = XCConfigurationList;
			buildConfigurations = (
				5AAF6754269A039800DD8ECC /* Debug */,
				5AAF6755269A039800DD8ECC /* Release */,
			);
			defaultConfigurationIsVisible = 0;
			defaultConfigurationName = Release;
		};
		5AAF6756269A039800DD8ECC /* Build configuration list for PBXNativeTarget "SpaceXTests" */ = {
			isa = XCConfigurationList;
			buildConfigurations = (
				5AAF6757269A039800DD8ECC /* Debug */,
				5AAF6758269A039800DD8ECC /* Release */,
			);
			defaultConfigurationIsVisible = 0;
			defaultConfigurationName = Release;
		};
		5AAF6759269A039800DD8ECC /* Build configuration list for PBXNativeTarget "SpaceXUITests" */ = {
			isa = XCConfigurationList;
			buildConfigurations = (
				5AAF675A269A039800DD8ECC /* Debug */,
				5AAF675B269A039800DD8ECC /* Release */,
			);
			defaultConfigurationIsVisible = 0;
			defaultConfigurationName = Release;
		};
/* End XCConfigurationList section */

/* Begin XCRemoteSwiftPackageReference section */
		5AAF675F269A040700DD8ECC /* XCRemoteSwiftPackageReference "swift-composable-architecture" */ = {
			isa = XCRemoteSwiftPackageReference;
			repositoryURL = "https://github.com/pointfreeco/swift-composable-architecture.git";
			requirement = {
				kind = upToNextMajorVersion;
				minimumVersion = 0.20.0;
			};
		};
/* End XCRemoteSwiftPackageReference section */

/* Begin XCSwiftPackageProductDependency section */
		5AAF6760269A040700DD8ECC /* ComposableArchitecture */ = {
			isa = XCSwiftPackageProductDependency;
			package = 5AAF675F269A040700DD8ECC /* XCRemoteSwiftPackageReference "swift-composable-architecture" */;
			productName = ComposableArchitecture;
		};
/* End XCSwiftPackageProductDependency section */
	};
	rootObject = 5AAF6726269A039700DD8ECC /* Project object */;
}
